
Microsoft Visual Studio Solution File, Format Version 12.00
# Visual Studio Version 17
VisualStudioVersion = 17.11.35327.3
MinimumVisualStudioVersion = 10.0.40219.1
Project("{A07B5EB6-E848-4116-A8D0-A826331D98C6}") = "Sanctuary.Demo", "Sanctuary.Demo.sfproj", "{BD548EEB-DEA5-45B5-BDB0-E26AB375E606}"
EndProject
Project("{2150E333-8FDC-42A3-9474-1A3956D46DE8}") = "Shared", "Shared", "{2927D8E4-5A79-4B9A-BC40-3FF7EA36D7DE}"
EndProject
Project("{2150E333-8FDC-42A3-9474-1A3956D46DE8}") = "Contexts", "Contexts", "{F08C536C-496D-4FD4-9A26-FDC11B8EE2BF}"
EndProject
Project("{2150E333-8FDC-42A3-9474-1A3956D46DE8}") = "Services", "Services", "{17861EB6-0694-413C-94BE-9CDAE792BECF}"
EndProject
Project("{2150E333-8FDC-42A3-9474-1A3956D46DE8}") = "Web", "Web", "{1EF26005-741F-4DF1-9727-929D56C6711D}"
EndProject
Project("{FAE04EC0-301F-11D3-BF4B-00C04F79EFBC}") = "StatisticsManagement", "services\StatisticsManagement\StatisticsManagement.csproj", "{7DEAA538-A2C0-4C49-818D-2E0BE3CDC28F}"
EndProject
Project("{2150E333-8FDC-42A3-9474-1A3956D46DE8}") = "Statistics Management", "Statistics Management", "{1982DBD5-294D-46C0-9A8E-F4B973EFE544}"
EndProject
Project("{FAE04EC0-301F-11D3-BF4B-00C04F79EFBC}") = "StatisticsRepository", "services\StatisticsRepository\StatisticsRepository.csproj", "{72DDDB1B-8E9E-434E-B940-4E37D094377D}"
EndProject
Project("{2150E333-8FDC-42A3-9474-1A3956D46DE8}") = "Statistics Repository", "Statistics Repository", "{79B69F4E-8568-484A-BDE0-F6C17E14463D}"
EndProject
Project("{FAE04EC0-301F-11D3-BF4B-00C04F79EFBC}") = "StatisticsJobWorker", "services\StatisticsJobWorker\StatisticsJobWorker.csproj", "{B3206B52-F2BE-4722-AB8B-A931693DC22F}"
EndProject
Project("{FAE04EC0-301F-11D3-BF4B-00C04F79EFBC}") = "StatisticsJobWorker.Interfaces", "services\StatisticsJobWorker.Interfaces\StatisticsJobWorker.Interfaces.csproj", "{8F3A9718-2087-46E1-AD7B-8F335A0CD453}"
EndProject
Project("{2150E333-8FDC-42A3-9474-1A3956D46DE8}") = "Statistics Job Worker", "Statistics Job Worker", "{8B842439-5BE7-49A9-A562-4E3628506C06}"
EndProject
Project("{FAE04EC0-301F-11D3-BF4B-00C04F79EFBC}") = "StatisticsPatientWorker", "services\StatisticsPatientWorker\StatisticsPatientWorker.csproj", "{7DACFFDB-4082-45D7-97E9-1BA998C7FA09}"
EndProject
Project("{FAE04EC0-301F-11D3-BF4B-00C04F79EFBC}") = "StatisticsPatientWorker.Interfaces", "services\StatisticsPatientWorker.Interfaces\StatisticsPatientWorker.Interfaces.csproj", "{C79CF3EA-D896-48B9-B953-7C2ABA93C986}"
EndProject
Project("{2150E333-8FDC-42A3-9474-1A3956D46DE8}") = "Statistics Patient Worker", "Statistics Patient Worker", "{7D83150C-A00F-4BF1-BACF-979D876ADED6}"
EndProject
Project("{2150E333-8FDC-42A3-9474-1A3956D46DE8}") = "Lib", "Lib", "{CED5C6BE-C5FD-408B-89C5-F927B09B4035}"
EndProject
Project("{FAE04EC0-301F-11D3-BF4B-00C04F79EFBC}") = "Sanctuary.Web", "services\Sanctuary.Web\Sanctuary.Web.csproj", "{12015FDB-BB25-464A-952D-3FF0EB280ED8}"
EndProject
Project("{FAE04EC0-301F-11D3-BF4B-00C04F79EFBC}") = "StatisticsRepository.Interfaces", "services\StatisticsRepository.Interfaces\StatisticsRepository.Interfaces.csproj", "{E720F434-1C60-4971-B64F-FF84A2CFE2FB}"
EndProject
Project("{FAE04EC0-301F-11D3-BF4B-00C04F79EFBC}") = "StatisticsManagement.Interfaces", "services\StatisticsManagement.Interfaces\StatisticsManagement.Interfaces.csproj", "{D19AF51B-0CEB-48A2-9656-E1D676232321}"
EndProject
Project("{FAE04EC0-301F-11D3-BF4B-00C04F79EFBC}") = "Sanctuary.ChartWriter", "lib\Sanctuary.ChartWriter\Sanctuary.ChartWriter.csproj", "{EA536987-3BF9-4606-8FEE-9C6726C865A3}"
EndProject
Project("{FAE04EC0-301F-11D3-BF4B-00C04F79EFBC}") = "Sanctuary.CsvDataReader", "lib\Sanctuary.CsvDataReader\Sanctuary.CsvDataReader.csproj", "{CE417B90-01D9-4A48-9C01-9E70984B3194}"
EndProject
Project("{FAE04EC0-301F-11D3-BF4B-00C04F79EFBC}") = "Sanctuary.CsvDataWriter", "lib\Sanctuary.CsvDataWriter\Sanctuary.CsvDataWriter.csproj", "{EC7E9261-85C2-4F84-A043-1893207529BF}"
EndProject
Project("{FAE04EC0-301F-11D3-BF4B-00C04F79EFBC}") = "Sanctuary.StatisticsCalculation", "lib\Sanctuary.StatisticsCalculation\Sanctuary.StatisticsCalculation.csproj", "{65227B13-9548-4EB5-AFCB-A43C5D31082B}"
EndProject
Project("{FAE04EC0-301F-11D3-BF4B-00C04F79EFBC}") = "StatisticsPatientWorker.Logic", "lib\StatisticsPatientWorker.Logic\StatisticsPatientWorker.Logic.csproj", "{166C3B13-9469-4C25-90D3-68AFADEB9D09}"
EndProject
Project("{FAE04EC0-301F-11D3-BF4B-00C04F79EFBC}") = "StatisticsManagement.Models", "lib\StatisticsManagement.Models\StatisticsManagement.Models.csproj", "{A0FF216F-4837-44A2-B7FF-FA6FC919F28C}"
EndProject
Project("{FAE04EC0-301F-11D3-BF4B-00C04F79EFBC}") = "Sanctuary.Statistics.Repository", "contexts\Sanctuary.Statistics.Repository\Sanctuary.Statistics.Repository.csproj", "{8BE62961-D067-423D-91AC-721D1AD1865C}"
EndProject
Project("{FAE04EC0-301F-11D3-BF4B-00C04F79EFBC}") = "ServiceRemoting", "shared\ServiceRemoting\ServiceRemoting.csproj", "{17338497-2FD3-4A86-B033-17899BFA3E21}"
EndProject
Project("{FAE04EC0-301F-11D3-BF4B-00C04F79EFBC}") = "Sanctuary.Models", "shared\Sanctuary.Models\Sanctuary.Models.csproj", "{0F6031D7-6B8F-4BFD-8A28-AFD865340905}"
EndProject
Project("{FAE04EC0-301F-11D3-BF4B-00C04F79EFBC}") = "Sanctuary.Maps", "shared\Sanctuary.Maps\Sanctuary.Maps.csproj", "{78C72BF2-BF4B-4C44-86D6-479FE75CC4ED}"
EndProject
Global
	GlobalSection(SolutionConfigurationPlatforms) = preSolution
		Debug|Any CPU = Debug|Any CPU
		Debug|x64 = Debug|x64
		Release|Any CPU = Release|Any CPU
		Release|x64 = Release|x64
	EndGlobalSection
	GlobalSection(ProjectConfigurationPlatforms) = postSolution
		{BD548EEB-DEA5-45B5-BDB0-E26AB375E606}.Debug|Any CPU.ActiveCfg = Debug|x64
		{BD548EEB-DEA5-45B5-BDB0-E26AB375E606}.Debug|Any CPU.Build.0 = Debug|x64
		{BD548EEB-DEA5-45B5-BDB0-E26AB375E606}.Debug|Any CPU.Deploy.0 = Debug|x64
		{BD548EEB-DEA5-45B5-BDB0-E26AB375E606}.Debug|x64.ActiveCfg = Debug|x64
		{BD548EEB-DEA5-45B5-BDB0-E26AB375E606}.Debug|x64.Build.0 = Debug|x64
		{BD548EEB-DEA5-45B5-BDB0-E26AB375E606}.Debug|x64.Deploy.0 = Debug|x64
		{BD548EEB-DEA5-45B5-BDB0-E26AB375E606}.Release|Any CPU.ActiveCfg = Release|x64
		{BD548EEB-DEA5-45B5-BDB0-E26AB375E606}.Release|Any CPU.Build.0 = Release|x64
		{BD548EEB-DEA5-45B5-BDB0-E26AB375E606}.Release|Any CPU.Deploy.0 = Release|x64
		{BD548EEB-DEA5-45B5-BDB0-E26AB375E606}.Release|x64.ActiveCfg = Release|x64
		{BD548EEB-DEA5-45B5-BDB0-E26AB375E606}.Release|x64.Build.0 = Release|x64
		{BD548EEB-DEA5-45B5-BDB0-E26AB375E606}.Release|x64.Deploy.0 = Release|x64
		{7DEAA538-A2C0-4C49-818D-2E0BE3CDC28F}.Debug|Any CPU.ActiveCfg = Debug|Any CPU
		{7DEAA538-A2C0-4C49-818D-2E0BE3CDC28F}.Debug|Any CPU.Build.0 = Debug|Any CPU
		{7DEAA538-A2C0-4C49-818D-2E0BE3CDC28F}.Debug|x64.ActiveCfg = Debug|Any CPU
		{7DEAA538-A2C0-4C49-818D-2E0BE3CDC28F}.Debug|x64.Build.0 = Debug|Any CPU
		{7DEAA538-A2C0-4C49-818D-2E0BE3CDC28F}.Release|Any CPU.ActiveCfg = Release|Any CPU
		{7DEAA538-A2C0-4C49-818D-2E0BE3CDC28F}.Release|Any CPU.Build.0 = Release|Any CPU
		{7DEAA538-A2C0-4C49-818D-2E0BE3CDC28F}.Release|x64.ActiveCfg = Release|Any CPU
		{7DEAA538-A2C0-4C49-818D-2E0BE3CDC28F}.Release|x64.Build.0 = Release|Any CPU
		{72DDDB1B-8E9E-434E-B940-4E37D094377D}.Debug|Any CPU.ActiveCfg = Debug|Any CPU
		{72DDDB1B-8E9E-434E-B940-4E37D094377D}.Debug|Any CPU.Build.0 = Debug|Any CPU
		{72DDDB1B-8E9E-434E-B940-4E37D094377D}.Debug|x64.ActiveCfg = Debug|Any CPU
		{72DDDB1B-8E9E-434E-B940-4E37D094377D}.Debug|x64.Build.0 = Debug|Any CPU
		{72DDDB1B-8E9E-434E-B940-4E37D094377D}.Release|Any CPU.ActiveCfg = Release|Any CPU
		{72DDDB1B-8E9E-434E-B940-4E37D094377D}.Release|Any CPU.Build.0 = Release|Any CPU
		{72DDDB1B-8E9E-434E-B940-4E37D094377D}.Release|x64.ActiveCfg = Release|Any CPU
		{72DDDB1B-8E9E-434E-B940-4E37D094377D}.Release|x64.Build.0 = Release|Any CPU
		{B3206B52-F2BE-4722-AB8B-A931693DC22F}.Debug|Any CPU.ActiveCfg = Debug|Any CPU
		{B3206B52-F2BE-4722-AB8B-A931693DC22F}.Debug|Any CPU.Build.0 = Debug|Any CPU
		{B3206B52-F2BE-4722-AB8B-A931693DC22F}.Debug|x64.ActiveCfg = Debug|Any CPU
		{B3206B52-F2BE-4722-AB8B-A931693DC22F}.Debug|x64.Build.0 = Debug|Any CPU
		{B3206B52-F2BE-4722-AB8B-A931693DC22F}.Release|Any CPU.ActiveCfg = Release|Any CPU
		{B3206B52-F2BE-4722-AB8B-A931693DC22F}.Release|Any CPU.Build.0 = Release|Any CPU
		{B3206B52-F2BE-4722-AB8B-A931693DC22F}.Release|x64.ActiveCfg = Release|Any CPU
		{B3206B52-F2BE-4722-AB8B-A931693DC22F}.Release|x64.Build.0 = Release|Any CPU
		{8F3A9718-2087-46E1-AD7B-8F335A0CD453}.Debug|Any CPU.ActiveCfg = Debug|Any CPU
		{8F3A9718-2087-46E1-AD7B-8F335A0CD453}.Debug|Any CPU.Build.0 = Debug|Any CPU
		{8F3A9718-2087-46E1-AD7B-8F335A0CD453}.Debug|x64.ActiveCfg = Debug|Any CPU
		{8F3A9718-2087-46E1-AD7B-8F335A0CD453}.Debug|x64.Build.0 = Debug|Any CPU
		{8F3A9718-2087-46E1-AD7B-8F335A0CD453}.Release|Any CPU.ActiveCfg = Release|Any CPU
		{8F3A9718-2087-46E1-AD7B-8F335A0CD453}.Release|Any CPU.Build.0 = Release|Any CPU
		{8F3A9718-2087-46E1-AD7B-8F335A0CD453}.Release|x64.ActiveCfg = Release|Any CPU
		{8F3A9718-2087-46E1-AD7B-8F335A0CD453}.Release|x64.Build.0 = Release|Any CPU
		{7DACFFDB-4082-45D7-97E9-1BA998C7FA09}.Debug|Any CPU.ActiveCfg = Debug|Any CPU
		{7DACFFDB-4082-45D7-97E9-1BA998C7FA09}.Debug|Any CPU.Build.0 = Debug|Any CPU
		{7DACFFDB-4082-45D7-97E9-1BA998C7FA09}.Debug|x64.ActiveCfg = Debug|Any CPU
		{7DACFFDB-4082-45D7-97E9-1BA998C7FA09}.Debug|x64.Build.0 = Debug|Any CPU
		{7DACFFDB-4082-45D7-97E9-1BA998C7FA09}.Release|Any CPU.ActiveCfg = Release|Any CPU
		{7DACFFDB-4082-45D7-97E9-1BA998C7FA09}.Release|Any CPU.Build.0 = Release|Any CPU
		{7DACFFDB-4082-45D7-97E9-1BA998C7FA09}.Release|x64.ActiveCfg = Release|Any CPU
		{7DACFFDB-4082-45D7-97E9-1BA998C7FA09}.Release|x64.Build.0 = Release|Any CPU
		{C79CF3EA-D896-48B9-B953-7C2ABA93C986}.Debug|Any CPU.ActiveCfg = Debug|Any CPU
		{C79CF3EA-D896-48B9-B953-7C2ABA93C986}.Debug|Any CPU.Build.0 = Debug|Any CPU
		{C79CF3EA-D896-48B9-B953-7C2ABA93C986}.Debug|x64.ActiveCfg = Debug|Any CPU
		{C79CF3EA-D896-48B9-B953-7C2ABA93C986}.Debug|x64.Build.0 = Debug|Any CPU
		{C79CF3EA-D896-48B9-B953-7C2ABA93C986}.Release|Any CPU.ActiveCfg = Release|Any CPU
		{C79CF3EA-D896-48B9-B953-7C2ABA93C986}.Release|Any CPU.Build.0 = Release|Any CPU
		{C79CF3EA-D896-48B9-B953-7C2ABA93C986}.Release|x64.ActiveCfg = Release|Any CPU
		{C79CF3EA-D896-48B9-B953-7C2ABA93C986}.Release|x64.Build.0 = Release|Any CPU
		{12015FDB-BB25-464A-952D-3FF0EB280ED8}.Debug|Any CPU.ActiveCfg = Debug|Any CPU
		{12015FDB-BB25-464A-952D-3FF0EB280ED8}.Debug|Any CPU.Build.0 = Debug|Any CPU
		{12015FDB-BB25-464A-952D-3FF0EB280ED8}.Debug|x64.ActiveCfg = Debug|Any CPU
		{12015FDB-BB25-464A-952D-3FF0EB280ED8}.Debug|x64.Build.0 = Debug|Any CPU
		{12015FDB-BB25-464A-952D-3FF0EB280ED8}.Release|Any CPU.ActiveCfg = Release|Any CPU
		{12015FDB-BB25-464A-952D-3FF0EB280ED8}.Release|Any CPU.Build.0 = Release|Any CPU
		{12015FDB-BB25-464A-952D-3FF0EB280ED8}.Release|x64.ActiveCfg = Release|Any CPU
		{12015FDB-BB25-464A-952D-3FF0EB280ED8}.Release|x64.Build.0 = Release|Any CPU
		{E720F434-1C60-4971-B64F-FF84A2CFE2FB}.Debug|Any CPU.ActiveCfg = Debug|Any CPU
		{E720F434-1C60-4971-B64F-FF84A2CFE2FB}.Debug|Any CPU.Build.0 = Debug|Any CPU
		{E720F434-1C60-4971-B64F-FF84A2CFE2FB}.Debug|x64.ActiveCfg = Debug|Any CPU
		{E720F434-1C60-4971-B64F-FF84A2CFE2FB}.Debug|x64.Build.0 = Debug|Any CPU
		{E720F434-1C60-4971-B64F-FF84A2CFE2FB}.Release|Any CPU.ActiveCfg = Release|Any CPU
		{E720F434-1C60-4971-B64F-FF84A2CFE2FB}.Release|Any CPU.Build.0 = Release|Any CPU
		{E720F434-1C60-4971-B64F-FF84A2CFE2FB}.Release|x64.ActiveCfg = Release|Any CPU
		{E720F434-1C60-4971-B64F-FF84A2CFE2FB}.Release|x64.Build.0 = Release|Any CPU
		{D19AF51B-0CEB-48A2-9656-E1D676232321}.Debug|Any CPU.ActiveCfg = Debug|Any CPU
		{D19AF51B-0CEB-48A2-9656-E1D676232321}.Debug|Any CPU.Build.0 = Debug|Any CPU
		{D19AF51B-0CEB-48A2-9656-E1D676232321}.Debug|x64.ActiveCfg = Debug|Any CPU
		{D19AF51B-0CEB-48A2-9656-E1D676232321}.Debug|x64.Build.0 = Debug|Any CPU
		{D19AF51B-0CEB-48A2-9656-E1D676232321}.Release|Any CPU.ActiveCfg = Release|Any CPU
		{D19AF51B-0CEB-48A2-9656-E1D676232321}.Release|Any CPU.Build.0 = Release|Any CPU
		{D19AF51B-0CEB-48A2-9656-E1D676232321}.Release|x64.ActiveCfg = Release|Any CPU
		{D19AF51B-0CEB-48A2-9656-E1D676232321}.Release|x64.Build.0 = Release|Any CPU
		{EA536987-3BF9-4606-8FEE-9C6726C865A3}.Debug|Any CPU.ActiveCfg = Debug|Any CPU
		{EA536987-3BF9-4606-8FEE-9C6726C865A3}.Debug|Any CPU.Build.0 = Debug|Any CPU
		{EA536987-3BF9-4606-8FEE-9C6726C865A3}.Debug|x64.ActiveCfg = Debug|Any CPU
		{EA536987-3BF9-4606-8FEE-9C6726C865A3}.Debug|x64.Build.0 = Debug|Any CPU
		{EA536987-3BF9-4606-8FEE-9C6726C865A3}.Release|Any CPU.ActiveCfg = Release|Any CPU
		{EA536987-3BF9-4606-8FEE-9C6726C865A3}.Release|Any CPU.Build.0 = Release|Any CPU
		{EA536987-3BF9-4606-8FEE-9C6726C865A3}.Release|x64.ActiveCfg = Release|Any CPU
		{EA536987-3BF9-4606-8FEE-9C6726C865A3}.Release|x64.Build.0 = Release|Any CPU
		{CE417B90-01D9-4A48-9C01-9E70984B3194}.Debug|Any CPU.ActiveCfg = Debug|Any CPU
		{CE417B90-01D9-4A48-9C01-9E70984B3194}.Debug|Any CPU.Build.0 = Debug|Any CPU
		{CE417B90-01D9-4A48-9C01-9E70984B3194}.Debug|x64.ActiveCfg = Debug|Any CPU
		{CE417B90-01D9-4A48-9C01-9E70984B3194}.Debug|x64.Build.0 = Debug|Any CPU
		{CE417B90-01D9-4A48-9C01-9E70984B3194}.Release|Any CPU.ActiveCfg = Release|Any CPU
		{CE417B90-01D9-4A48-9C01-9E70984B3194}.Release|Any CPU.Build.0 = Release|Any CPU
		{CE417B90-01D9-4A48-9C01-9E70984B3194}.Release|x64.ActiveCfg = Release|Any CPU
		{CE417B90-01D9-4A48-9C01-9E70984B3194}.Release|x64.Build.0 = Release|Any CPU
		{EC7E9261-85C2-4F84-A043-1893207529BF}.Debug|Any CPU.ActiveCfg = Debug|Any CPU
		{EC7E9261-85C2-4F84-A043-1893207529BF}.Debug|Any CPU.Build.0 = Debug|Any CPU
		{EC7E9261-85C2-4F84-A043-1893207529BF}.Debug|x64.ActiveCfg = Debug|Any CPU
		{EC7E9261-85C2-4F84-A043-1893207529BF}.Debug|x64.Build.0 = Debug|Any CPU
		{EC7E9261-85C2-4F84-A043-1893207529BF}.Release|Any CPU.ActiveCfg = Release|Any CPU
		{EC7E9261-85C2-4F84-A043-1893207529BF}.Release|Any CPU.Build.0 = Release|Any CPU
		{EC7E9261-85C2-4F84-A043-1893207529BF}.Release|x64.ActiveCfg = Release|Any CPU
		{EC7E9261-85C2-4F84-A043-1893207529BF}.Release|x64.Build.0 = Release|Any CPU
		{65227B13-9548-4EB5-AFCB-A43C5D31082B}.Debug|Any CPU.ActiveCfg = Debug|Any CPU
		{65227B13-9548-4EB5-AFCB-A43C5D31082B}.Debug|Any CPU.Build.0 = Debug|Any CPU
		{65227B13-9548-4EB5-AFCB-A43C5D31082B}.Debug|x64.ActiveCfg = Debug|Any CPU
		{65227B13-9548-4EB5-AFCB-A43C5D31082B}.Debug|x64.Build.0 = Debug|Any CPU
		{65227B13-9548-4EB5-AFCB-A43C5D31082B}.Release|Any CPU.ActiveCfg = Release|Any CPU
		{65227B13-9548-4EB5-AFCB-A43C5D31082B}.Release|Any CPU.Build.0 = Release|Any CPU
		{65227B13-9548-4EB5-AFCB-A43C5D31082B}.Release|x64.ActiveCfg = Release|Any CPU
		{65227B13-9548-4EB5-AFCB-A43C5D31082B}.Release|x64.Build.0 = Release|Any CPU
		{166C3B13-9469-4C25-90D3-68AFADEB9D09}.Debug|Any CPU.ActiveCfg = Debug|Any CPU
		{166C3B13-9469-4C25-90D3-68AFADEB9D09}.Debug|Any CPU.Build.0 = Debug|Any CPU
		{166C3B13-9469-4C25-90D3-68AFADEB9D09}.Debug|x64.ActiveCfg = Debug|Any CPU
		{166C3B13-9469-4C25-90D3-68AFADEB9D09}.Debug|x64.Build.0 = Debug|Any CPU
		{166C3B13-9469-4C25-90D3-68AFADEB9D09}.Release|Any CPU.ActiveCfg = Release|Any CPU
		{166C3B13-9469-4C25-90D3-68AFADEB9D09}.Release|Any CPU.Build.0 = Release|Any CPU
		{166C3B13-9469-4C25-90D3-68AFADEB9D09}.Release|x64.ActiveCfg = Release|Any CPU
		{166C3B13-9469-4C25-90D3-68AFADEB9D09}.Release|x64.Build.0 = Release|Any CPU
		{A0FF216F-4837-44A2-B7FF-FA6FC919F28C}.Debug|Any CPU.ActiveCfg = Debug|Any CPU
		{A0FF216F-4837-44A2-B7FF-FA6FC919F28C}.Debug|Any CPU.Build.0 = Debug|Any CPU
		{A0FF216F-4837-44A2-B7FF-FA6FC919F28C}.Debug|x64.ActiveCfg = Debug|Any CPU
		{A0FF216F-4837-44A2-B7FF-FA6FC919F28C}.Debug|x64.Build.0 = Debug|Any CPU
		{A0FF216F-4837-44A2-B7FF-FA6FC919F28C}.Release|Any CPU.ActiveCfg = Release|Any CPU
		{A0FF216F-4837-44A2-B7FF-FA6FC919F28C}.Release|Any CPU.Build.0 = Release|Any CPU
		{A0FF216F-4837-44A2-B7FF-FA6FC919F28C}.Release|x64.ActiveCfg = Release|Any CPU
		{A0FF216F-4837-44A2-B7FF-FA6FC919F28C}.Release|x64.Build.0 = Release|Any CPU
		{8BE62961-D067-423D-91AC-721D1AD1865C}.Debug|Any CPU.ActiveCfg = Debug|Any CPU
		{8BE62961-D067-423D-91AC-721D1AD1865C}.Debug|Any CPU.Build.0 = Debug|Any CPU
		{8BE62961-D067-423D-91AC-721D1AD1865C}.Debug|x64.ActiveCfg = Debug|Any CPU
		{8BE62961-D067-423D-91AC-721D1AD1865C}.Debug|x64.Build.0 = Debug|Any CPU
		{8BE62961-D067-423D-91AC-721D1AD1865C}.Release|Any CPU.ActiveCfg = Release|Any CPU
		{8BE62961-D067-423D-91AC-721D1AD1865C}.Release|Any CPU.Build.0 = Release|Any CPU
		{8BE62961-D067-423D-91AC-721D1AD1865C}.Release|x64.ActiveCfg = Release|Any CPU
		{8BE62961-D067-423D-91AC-721D1AD1865C}.Release|x64.Build.0 = Release|Any CPU
		{17338497-2FD3-4A86-B033-17899BFA3E21}.Debug|Any CPU.ActiveCfg = Debug|Any CPU
		{17338497-2FD3-4A86-B033-17899BFA3E21}.Debug|Any CPU.Build.0 = Debug|Any CPU
		{17338497-2FD3-4A86-B033-17899BFA3E21}.Debug|x64.ActiveCfg = Debug|Any CPU
		{17338497-2FD3-4A86-B033-17899BFA3E21}.Debug|x64.Build.0 = Debug|Any CPU
		{17338497-2FD3-4A86-B033-17899BFA3E21}.Release|Any CPU.ActiveCfg = Release|Any CPU
		{17338497-2FD3-4A86-B033-17899BFA3E21}.Release|Any CPU.Build.0 = Release|Any CPU
		{17338497-2FD3-4A86-B033-17899BFA3E21}.Release|x64.ActiveCfg = Release|Any CPU
		{17338497-2FD3-4A86-B033-17899BFA3E21}.Release|x64.Build.0 = Release|Any CPU
		{0F6031D7-6B8F-4BFD-8A28-AFD865340905}.Debug|Any CPU.ActiveCfg = Debug|Any CPU
		{0F6031D7-6B8F-4BFD-8A28-AFD865340905}.Debug|Any CPU.Build.0 = Debug|Any CPU
		{0F6031D7-6B8F-4BFD-8A28-AFD865340905}.Debug|x64.ActiveCfg = Debug|Any CPU
		{0F6031D7-6B8F-4BFD-8A28-AFD865340905}.Debug|x64.Build.0 = Debug|Any CPU
		{0F6031D7-6B8F-4BFD-8A28-AFD865340905}.Release|Any CPU.ActiveCfg = Release|Any CPU
		{0F6031D7-6B8F-4BFD-8A28-AFD865340905}.Release|Any CPU.Build.0 = Release|Any CPU
		{0F6031D7-6B8F-4BFD-8A28-AFD865340905}.Release|x64.ActiveCfg = Release|Any CPU
		{0F6031D7-6B8F-4BFD-8A28-AFD865340905}.Release|x64.Build.0 = Release|Any CPU
		{78C72BF2-BF4B-4C44-86D6-479FE75CC4ED}.Debug|Any CPU.ActiveCfg = Debug|Any CPU
		{78C72BF2-BF4B-4C44-86D6-479FE75CC4ED}.Debug|Any CPU.Build.0 = Debug|Any CPU
		{78C72BF2-BF4B-4C44-86D6-479FE75CC4ED}.Debug|x64.ActiveCfg = Debug|Any CPU
		{78C72BF2-BF4B-4C44-86D6-479FE75CC4ED}.Debug|x64.Build.0 = Debug|Any CPU
		{78C72BF2-BF4B-4C44-86D6-479FE75CC4ED}.Release|Any CPU.ActiveCfg = Release|Any CPU
		{78C72BF2-BF4B-4C44-86D6-479FE75CC4ED}.Release|Any CPU.Build.0 = Release|Any CPU
		{78C72BF2-BF4B-4C44-86D6-479FE75CC4ED}.Release|x64.ActiveCfg = Release|Any CPU
		{78C72BF2-BF4B-4C44-86D6-479FE75CC4ED}.Release|x64.Build.0 = Release|Any CPU
	EndGlobalSection
	GlobalSection(SolutionProperties) = preSolution
		HideSolutionNode = FALSE
	EndGlobalSection
	GlobalSection(NestedProjects) = preSolution
		{1EF26005-741F-4DF1-9727-929D56C6711D} = {17861EB6-0694-413C-94BE-9CDAE792BECF}
		{7DEAA538-A2C0-4C49-818D-2E0BE3CDC28F} = {1982DBD5-294D-46C0-9A8E-F4B973EFE544}
		{1982DBD5-294D-46C0-9A8E-F4B973EFE544} = {17861EB6-0694-413C-94BE-9CDAE792BECF}
		{72DDDB1B-8E9E-434E-B940-4E37D094377D} = {79B69F4E-8568-484A-BDE0-F6C17E14463D}
		{79B69F4E-8568-484A-BDE0-F6C17E14463D} = {17861EB6-0694-413C-94BE-9CDAE792BECF}
		{B3206B52-F2BE-4722-AB8B-A931693DC22F} = {8B842439-5BE7-49A9-A562-4E3628506C06}
		{8F3A9718-2087-46E1-AD7B-8F335A0CD453} = {8B842439-5BE7-49A9-A562-4E3628506C06}
		{8B842439-5BE7-49A9-A562-4E3628506C06} = {17861EB6-0694-413C-94BE-9CDAE792BECF}
		{7DACFFDB-4082-45D7-97E9-1BA998C7FA09} = {7D83150C-A00F-4BF1-BACF-979D876ADED6}
		{C79CF3EA-D896-48B9-B953-7C2ABA93C986} = {7D83150C-A00F-4BF1-BACF-979D876ADED6}
		{7D83150C-A00F-4BF1-BACF-979D876ADED6} = {17861EB6-0694-413C-94BE-9CDAE792BECF}
		{12015FDB-BB25-464A-952D-3FF0EB280ED8} = {1EF26005-741F-4DF1-9727-929D56C6711D}
		{E720F434-1C60-4971-B64F-FF84A2CFE2FB} = {79B69F4E-8568-484A-BDE0-F6C17E14463D}
		{D19AF51B-0CEB-48A2-9656-E1D676232321} = {1982DBD5-294D-46C0-9A8E-F4B973EFE544}
		{EA536987-3BF9-4606-8FEE-9C6726C865A3} = {CED5C6BE-C5FD-408B-89C5-F927B09B4035}
		{CE417B90-01D9-4A48-9C01-9E70984B3194} = {CED5C6BE-C5FD-408B-89C5-F927B09B4035}
		{EC7E9261-85C2-4F84-A043-1893207529BF} = {CED5C6BE-C5FD-408B-89C5-F927B09B4035}
		{65227B13-9548-4EB5-AFCB-A43C5D31082B} = {CED5C6BE-C5FD-408B-89C5-F927B09B4035}
		{166C3B13-9469-4C25-90D3-68AFADEB9D09} = {7D83150C-A00F-4BF1-BACF-979D876ADED6}
		{A0FF216F-4837-44A2-B7FF-FA6FC919F28C} = {1982DBD5-294D-46C0-9A8E-F4B973EFE544}
		{8BE62961-D067-423D-91AC-721D1AD1865C} = {F08C536C-496D-4FD4-9A26-FDC11B8EE2BF}
		{17338497-2FD3-4A86-B033-17899BFA3E21} = {2927D8E4-5A79-4B9A-BC40-3FF7EA36D7DE}
		{0F6031D7-6B8F-4BFD-8A28-AFD865340905} = {2927D8E4-5A79-4B9A-BC40-3FF7EA36D7DE}
		{78C72BF2-BF4B-4C44-86D6-479FE75CC4ED} = {2927D8E4-5A79-4B9A-BC40-3FF7EA36D7DE}
	EndGlobalSection
	GlobalSection(ExtensibilityGlobals) = postSolution
		SolutionGuid = {564BAC34-D6F5-45D4-9FC4-36540F03B79D}
	EndGlobalSection
EndGlobal
